
Microsoft Visual Studio Solution File, Format Version 12.00
# Visual Studio 15
VisualStudioVersion = 15.0.27130.2003
MinimumVisualStudioVersion = 10.0.40219.1
Project("{9A19103F-16F7-4668-BE54-9A1E7A4F7556}") = "Model_NorthwindIB_CF.EFCore", "Model_NorthwindIB_CF.EFCore\Model_NorthwindIB_CF.EFCore.csproj", "{FA40878F-8A41-4FF7-9BD3-14FB6DF43AFB}"
EndProject
Project("{9A19103F-16F7-4668-BE54-9A1E7A4F7556}") = "ServerTemplate.EFCore", "ServerTemplate.EFCore\ServerTemplate.EFCore.csproj", "{0DE2D362-C92D-4284-AFBC-6E9F0B93B106}"
EndProject
Global
	GlobalSection(SolutionConfigurationPlatforms) = preSolution
		Debug|Any CPU = Debug|Any CPU
		Release|Any CPU = Release|Any CPU
	EndGlobalSection
	GlobalSection(ProjectConfigurationPlatforms) = postSolution
		{FA40878F-8A41-4FF7-9BD3-14FB6DF43AFB}.Debug|Any CPU.ActiveCfg = Debug|Any CPU
		{FA40878F-8A41-4FF7-9BD3-14FB6DF43AFB}.Debug|Any CPU.Build.0 = Debug|Any CPU
		{FA40878F-8A41-4FF7-9BD3-14FB6DF43AFB}.Release|Any CPU.ActiveCfg = Release|Any CPU
		{FA40878F-8A41-4FF7-9BD3-14FB6DF43AFB}.Release|Any CPU.Build.0 = Release|Any CPU
		{0DE2D362-C92D-4284-AFBC-6E9F0B93B106}.Debug|Any CPU.ActiveCfg = Debug|Any CPU
		{0DE2D362-C92D-4284-AFBC-6E9F0B93B106}.Debug|Any CPU.Build.0 = Debug|Any CPU
		{0DE2D362-C92D-4284-AFBC-6E9F0B93B106}.Release|Any CPU.ActiveCfg = Release|Any CPU
		{0DE2D362-C92D-4284-AFBC-6E9F0B93B106}.Release|Any CPU.Build.0 = Release|Any CPU
	EndGlobalSection
	GlobalSection(SolutionProperties) = preSolution
		HideSolutionNode = FALSE
	EndGlobalSection
	GlobalSection(ExtensibilityGlobals) = postSolution
		SolutionGuid = {67C6FD2C-C374-4320-B1A1-3FBE7185C225}
	EndGlobalSection
EndGlobal
